{
  "name": "@xeokit/xeokit-gltf-to-xkt",
  "version": "1.3.0",
  "lockfileVersion": 1,
  "requires": true,
  "dependencies": {
    "@xeokit/xeokit-xkt-utils": {
      "version": "1.3.0",
      "resolved": "https://registry.npmjs.org/@xeokit/xeokit-xkt-utils/-/xeokit-xkt-utils-1.3.0.tgz",
      "integrity": "sha512-FL40Pyb7k66R+4P3wODOa/RxbuYcLWK/VQIfNldEF2FwxhATXcF0yFv/ZR2Ac+dliR/LYL/bIvropZiD7o5DZA=="
    },
    "commander": {
      "version": "2.20.3",
      "resolved": "https://registry.npmjs.org/commander/-/commander-2.20.3.tgz",
      "integrity": "sha512-GpVkmM8vF2vQUkj2LvZmD35JxeJOLCwJ9cUkugyk2nuhbv3+mJvpLYYt+0+USMxE+oj+ey/lJEnhZw75x/OMcQ=="
    }
  }
}
